
Microsoft Visual Studio Solution File, Format Version 12.00
Project("{FAE04EC0-301F-11D3-BF4B-00C04F79EFBC}") = "Notes.WebAPI", "Notes.WebAPI\Notes.WebAPI.csproj", "{46EDE84E-89F4-466C-B12E-58B19A436A3C}"
EndProject
Global
	GlobalSection(SolutionConfigurationPlatforms) = preSolution
		Debug|Any CPU = Debug|Any CPU
		Release|Any CPU = Release|Any CPU
	EndGlobalSection
	GlobalSection(ProjectConfigurationPlatforms) = postSolution
		{46EDE84E-89F4-466C-B12E-58B19A436A3C}.Debug|Any CPU.ActiveCfg = Debug|Any CPU
		{46EDE84E-89F4-466C-B12E-58B19A436A3C}.Debug|Any CPU.Build.0 = Debug|Any CPU
		{46EDE84E-89F4-466C-B12E-58B19A436A3C}.Release|Any CPU.ActiveCfg = Release|Any CPU
		{46EDE84E-89F4-466C-B12E-58B19A436A3C}.Release|Any CPU.Build.0 = Release|Any CPU
	EndGlobalSection
EndGlobal
