
Microsoft Visual Studio Solution File, Format Version 12.00
Project("{FAE04EC0-301F-11D3-BF4B-00C04F79EFBC}") = "Notes.WebAPI", "Notes.WebAPI\Notes.WebAPI.csproj", "{46EDE84E-89F4-466C-B12E-58B19A436A3C}"
EndProject
Project("{FAE04EC0-301F-11D3-BF4B-00C04F79EFBC}") = "Notes.Data", "Notes.Data\Notes.Data.csproj", "{45E138C5-297E-4F9B-BDDD-8AEF4A0A891B}"
EndProject
Project("{FAE04EC0-301F-11D3-BF4B-00C04F79EFBC}") = "Notes.Common", "Notes.Common\Notes.Common.csproj", "{D5CE0235-48F4-43A9-A02B-42AA3F7328CF}"
EndProject
Project("{2150E333-8FDC-42A3-9474-1A3956D46DE8}") = "Services", "Services", "{4D6BF423-6BF7-421F-BB60-4B2FCDED9F56}"
EndProject
Project("{FAE04EC0-301F-11D3-BF4B-00C04F79EFBC}") = "Notes.Services.Notes", "Notes.Services.Notes\Notes.Services.Notes.csproj", "{B7F0137B-808A-45C4-95FE-460B23A49053}"
EndProject
Project("{FAE04EC0-301F-11D3-BF4B-00C04F79EFBC}") = "Notes.Services.Identities", "Notes.Services.Identities\Notes.Services.Identities.csproj", "{CB952C95-9755-4601-8672-670B1D90A14F}"
EndProject
Project("{FAE04EC0-301F-11D3-BF4B-00C04F79EFBC}") = "Notes.Services.Tags", "Notes.Services.Tags\Notes.Services.Tags.csproj", "{CFBBB6EB-E4A5-41BE-BA44-F5EE834A8AB1}"
EndProject
Project("{2150E333-8FDC-42A3-9474-1A3956D46DE8}") = "tests", "tests", "{DE21CDAF-AD7A-4E3B-9945-31FC53ED436D}"
EndProject
Project("{2150E333-8FDC-42A3-9474-1A3956D46DE8}") = "src", "src", "{18357DDA-AABF-4AEB-B7E2-82B1FE1BD2AA}"
EndProject
Project("{FAE04EC0-301F-11D3-BF4B-00C04F79EFBC}") = "Notes.Tests", "Notes.Tests\Notes.Tests.csproj", "{3AA2D99C-051D-4C8A-9D62-016B3B5EA53A}"
EndProject
Global
	GlobalSection(SolutionConfigurationPlatforms) = preSolution
		Debug|Any CPU = Debug|Any CPU
		Release|Any CPU = Release|Any CPU
	EndGlobalSection
	GlobalSection(ProjectConfigurationPlatforms) = postSolution
		{46EDE84E-89F4-466C-B12E-58B19A436A3C}.Debug|Any CPU.ActiveCfg = Debug|Any CPU
		{46EDE84E-89F4-466C-B12E-58B19A436A3C}.Debug|Any CPU.Build.0 = Debug|Any CPU
		{46EDE84E-89F4-466C-B12E-58B19A436A3C}.Release|Any CPU.ActiveCfg = Release|Any CPU
		{46EDE84E-89F4-466C-B12E-58B19A436A3C}.Release|Any CPU.Build.0 = Release|Any CPU
		{45E138C5-297E-4F9B-BDDD-8AEF4A0A891B}.Debug|Any CPU.ActiveCfg = Debug|Any CPU
		{45E138C5-297E-4F9B-BDDD-8AEF4A0A891B}.Debug|Any CPU.Build.0 = Debug|Any CPU
		{45E138C5-297E-4F9B-BDDD-8AEF4A0A891B}.Release|Any CPU.ActiveCfg = Release|Any CPU
		{45E138C5-297E-4F9B-BDDD-8AEF4A0A891B}.Release|Any CPU.Build.0 = Release|Any CPU
		{D5CE0235-48F4-43A9-A02B-42AA3F7328CF}.Debug|Any CPU.ActiveCfg = Debug|Any CPU
		{D5CE0235-48F4-43A9-A02B-42AA3F7328CF}.Debug|Any CPU.Build.0 = Debug|Any CPU
		{D5CE0235-48F4-43A9-A02B-42AA3F7328CF}.Release|Any CPU.ActiveCfg = Release|Any CPU
		{D5CE0235-48F4-43A9-A02B-42AA3F7328CF}.Release|Any CPU.Build.0 = Release|Any CPU
		{B7F0137B-808A-45C4-95FE-460B23A49053}.Debug|Any CPU.ActiveCfg = Debug|Any CPU
		{B7F0137B-808A-45C4-95FE-460B23A49053}.Debug|Any CPU.Build.0 = Debug|Any CPU
		{B7F0137B-808A-45C4-95FE-460B23A49053}.Release|Any CPU.ActiveCfg = Release|Any CPU
		{B7F0137B-808A-45C4-95FE-460B23A49053}.Release|Any CPU.Build.0 = Release|Any CPU
		{CB952C95-9755-4601-8672-670B1D90A14F}.Debug|Any CPU.ActiveCfg = Debug|Any CPU
		{CB952C95-9755-4601-8672-670B1D90A14F}.Debug|Any CPU.Build.0 = Debug|Any CPU
		{CB952C95-9755-4601-8672-670B1D90A14F}.Release|Any CPU.ActiveCfg = Release|Any CPU
		{CB952C95-9755-4601-8672-670B1D90A14F}.Release|Any CPU.Build.0 = Release|Any CPU
		{CFBBB6EB-E4A5-41BE-BA44-F5EE834A8AB1}.Debug|Any CPU.ActiveCfg = Debug|Any CPU
		{CFBBB6EB-E4A5-41BE-BA44-F5EE834A8AB1}.Debug|Any CPU.Build.0 = Debug|Any CPU
		{CFBBB6EB-E4A5-41BE-BA44-F5EE834A8AB1}.Release|Any CPU.ActiveCfg = Release|Any CPU
		{CFBBB6EB-E4A5-41BE-BA44-F5EE834A8AB1}.Release|Any CPU.Build.0 = Release|Any CPU
		{3AA2D99C-051D-4C8A-9D62-016B3B5EA53A}.Debug|Any CPU.ActiveCfg = Debug|Any CPU
		{3AA2D99C-051D-4C8A-9D62-016B3B5EA53A}.Debug|Any CPU.Build.0 = Debug|Any CPU
		{3AA2D99C-051D-4C8A-9D62-016B3B5EA53A}.Release|Any CPU.ActiveCfg = Release|Any CPU
		{3AA2D99C-051D-4C8A-9D62-016B3B5EA53A}.Release|Any CPU.Build.0 = Release|Any CPU
	EndGlobalSection
	GlobalSection(NestedProjects) = preSolution
		{B7F0137B-808A-45C4-95FE-460B23A49053} = {4D6BF423-6BF7-421F-BB60-4B2FCDED9F56}
		{CB952C95-9755-4601-8672-670B1D90A14F} = {4D6BF423-6BF7-421F-BB60-4B2FCDED9F56}
		{CFBBB6EB-E4A5-41BE-BA44-F5EE834A8AB1} = {4D6BF423-6BF7-421F-BB60-4B2FCDED9F56}
		{4D6BF423-6BF7-421F-BB60-4B2FCDED9F56} = {18357DDA-AABF-4AEB-B7E2-82B1FE1BD2AA}
		{D5CE0235-48F4-43A9-A02B-42AA3F7328CF} = {18357DDA-AABF-4AEB-B7E2-82B1FE1BD2AA}
		{45E138C5-297E-4F9B-BDDD-8AEF4A0A891B} = {18357DDA-AABF-4AEB-B7E2-82B1FE1BD2AA}
		{46EDE84E-89F4-466C-B12E-58B19A436A3C} = {18357DDA-AABF-4AEB-B7E2-82B1FE1BD2AA}
		{3AA2D99C-051D-4C8A-9D62-016B3B5EA53A} = {DE21CDAF-AD7A-4E3B-9945-31FC53ED436D}
	EndGlobalSection
EndGlobal
